
Microsoft Visual Studio Solution File, Format Version 12.00
# Visual Studio 15
VisualStudioVersion = 15.0.28307.102
MinimumVisualStudioVersion = 10.0.40219.1
Project("{FAE04EC0-301F-11D3-BF4B-00C04F79EFBC}") = "FooDo2", "FooDo2\FooDo2.csproj", "{53E5D8BA-E047-4599-A21B-288B8E51C5F0}"
EndProject
Global
	GlobalSection(SolutionConfigurationPlatforms) = preSolution
		Debug|Any CPU = Debug|Any CPU
		Release|Any CPU = Release|Any CPU
	EndGlobalSection
	GlobalSection(ProjectConfigurationPlatforms) = postSolution
		{53E5D8BA-E047-4599-A21B-288B8E51C5F0}.Debug|Any CPU.ActiveCfg = Debug|Any CPU
		{53E5D8BA-E047-4599-A21B-288B8E51C5F0}.Debug|Any CPU.Build.0 = Debug|Any CPU
		{53E5D8BA-E047-4599-A21B-288B8E51C5F0}.Release|Any CPU.ActiveCfg = Release|Any CPU
		{53E5D8BA-E047-4599-A21B-288B8E51C5F0}.Release|Any CPU.Build.0 = Release|Any CPU
	EndGlobalSection
	GlobalSection(SolutionProperties) = preSolution
		HideSolutionNode = FALSE
	EndGlobalSection
	GlobalSection(ExtensibilityGlobals) = postSolution
		SolutionGuid = {E7F78EF0-7286-4D4B-8F5C-8138E646ABB1}
	EndGlobalSection
EndGlobal
